{
  "version": 4,
  "terraform_version": "1.0.9",
  "serial": 5,
  "lineage": "5876c2ce-e36b-2250-aa7d-3d4a364a6d7a",
  "outputs": {
    "s3_bucket_name": {
      "value": "tfstate-289d53ee-aadb-82b7-3c1b-f6ff95aaef2c",
      "type": "string"
    }
  },
  "resources": [
    {
      "mode": "managed",
      "type": "aws_dynamodb_table",
      "name": "dynamodb_terraform_state_lock",
      "provider": "provider[\"registry.terraform.io/hashicorp/aws\"]",
      "instances": [
        {
          "schema_version": 1,
          "attributes": {
            "arn": "arn:aws:dynamodb:us-east-1:335168714028:table/terraform-state-lock",
            "attribute": [
              {
                "name": "LockID",
                "type": "S"
              }
            ],
            "billing_mode": "PROVISIONED",
            "global_secondary_index": [],
            "hash_key": "LockID",
            "id": "terraform-state-lock",
            "local_secondary_index": [],
            "name": "terraform-state-lock",
            "point_in_time_recovery": [
              {
                "enabled": false
              }
            ],
            "range_key": null,
            "read_capacity": 20,
            "replica": [],
            "server_side_encryption": [],
            "stream_arn": "",
            "stream_enabled": false,
            "stream_label": "",
            "stream_view_type": "",
            "tags": {
              "Name": "terraform-state-lock"
            },
            "tags_all": {
              "Name": "terraform-state-lock"
            },
            "timeouts": null,
            "ttl": [
              {
                "attribute_name": "",
                "enabled": false,
                "kms_key_arn": ""
              }
            ],
            "write_capacity": 20
          },
          "sensitive_attributes": [],
          "private": "eyJlMmJmYjczMC1lY2FhLTExZTYtOGY4OC0zNDM2M2JjN2M0YzAiOnsiY3JlYXRlIjoxMjAwMDAwMDAwMDAwLCJkZWxldGUiOjYwMDAwMDAwMDAwMCwidXBkYXRlIjozNjAwMDAwMDAwMDAwfSwic2NoZW1hX3ZlcnNpb24iOiIxIn0="
        }
      ]
    },
    {
      "mode": "managed",
      "type": "aws_s3_bucket",
      "name": "this",
      "provider": "provider[\"registry.terraform.io/hashicorp/aws\"]",
      "instances": [
        {
          "schema_version": 0,
          "attributes": {
            "acceleration_status": "",
            "acl": "private",
            "arn": "arn:aws:s3:::tfstate-289d53ee-aadb-82b7-3c1b-f6ff95aaef2c",
            "bucket": "tfstate-289d53ee-aadb-82b7-3c1b-f6ff95aaef2c",
            "bucket_domain_name": "tfstate-289d53ee-aadb-82b7-3c1b-f6ff95aaef2c.s3.amazonaws.com",
            "bucket_prefix": null,
            "bucket_regional_domain_name": "tfstate-289d53ee-aadb-82b7-3c1b-f6ff95aaef2c.s3.amazonaws.com",
            "cors_rule": [],
            "force_destroy": false,
            "grant": [],
            "hosted_zone_id": "Z3AQBSTGFYJSTF",
            "id": "tfstate-289d53ee-aadb-82b7-3c1b-f6ff95aaef2c",
            "lifecycle_rule": [],
            "logging": [],
            "object_lock_configuration": [],
            "policy": null,
            "region": "us-east-1",
            "replication_configuration": [],
            "request_payer": "BucketOwner",
            "server_side_encryption_configuration": [],
            "tags": {
              "Name": "tfstate-289d53ee-aadb-82b7-3c1b-f6ff95aaef2c"
            },
            "tags_all": {
              "Name": "tfstate-289d53ee-aadb-82b7-3c1b-f6ff95aaef2c"
            },
            "versioning": [
              {
                "enabled": true,
                "mfa_delete": false
              }
            ],
            "website": [],
            "website_domain": null,
            "website_endpoint": null
          },
          "sensitive_attributes": [],
          "private": "bnVsbA==",
          "dependencies": [
            "random_uuid.bucket_postfix"
          ]
        }
      ]
    },
    {
      "mode": "managed",
      "type": "random_uuid",
      "name": "bucket_postfix",
      "provider": "provider[\"registry.terraform.io/hashicorp/random\"]",
      "instances": [
        {
          "schema_version": 0,
          "attributes": {
            "id": "289d53ee-aadb-82b7-3c1b-f6ff95aaef2c",
            "keepers": null,
            "result": "289d53ee-aadb-82b7-3c1b-f6ff95aaef2c"
          },
          "sensitive_attributes": [],
          "private": "bnVsbA=="
        }
      ]
    }
  ]
}
